
Microsoft Visual Studio Solution File, Format Version 12.00
# Visual Studio Version 17
VisualStudioVersion = 17.12.35514.174
MinimumVisualStudioVersion = 10.0.40219.1
Project("{888888A0-9F3D-457C-B088-3A5042F75D52}") = "ScheduleSpyBot", "SxheduleSpyBot\ScheduleSpyBot.pyproj", "{46FAEFE1-E585-452F-870E-E73F6D799472}"
EndProject
Project("{2150E333-8FDC-42A3-9474-1A3956D46DE8}") = "Secrets", "Secrets", "{078A4CDC-C786-4328-BD21-C2B480DCD893}"
	ProjectSection(SolutionItems) = preProject
		Secrets\KEYS.env = Secrets\KEYS.env
	EndProjectSection
EndProject
Project("{FAE04EC0-301F-11D3-BF4B-00C04F79EFBC}") = "copmarer", "copmarer\copmarer.csproj", "{9E2643B9-7075-4DE1-99EB-AECF61C07639}"
EndProject
Global
	GlobalSection(SolutionConfigurationPlatforms) = preSolution
		Debug|Any CPU = Debug|Any CPU
		Release|Any CPU = Release|Any CPU
	EndGlobalSection
	GlobalSection(ProjectConfigurationPlatforms) = postSolution
		{46FAEFE1-E585-452F-870E-E73F6D799472}.Debug|Any CPU.ActiveCfg = Debug|Any CPU
		{46FAEFE1-E585-452F-870E-E73F6D799472}.Release|Any CPU.ActiveCfg = Release|Any CPU
		{9E2643B9-7075-4DE1-99EB-AECF61C07639}.Debug|Any CPU.ActiveCfg = Debug|Any CPU
		{9E2643B9-7075-4DE1-99EB-AECF61C07639}.Debug|Any CPU.Build.0 = Debug|Any CPU
		{9E2643B9-7075-4DE1-99EB-AECF61C07639}.Release|Any CPU.ActiveCfg = Release|Any CPU
		{9E2643B9-7075-4DE1-99EB-AECF61C07639}.Release|Any CPU.Build.0 = Release|Any CPU
	EndGlobalSection
	GlobalSection(SolutionProperties) = preSolution
		HideSolutionNode = FALSE
	EndGlobalSection
EndGlobal
